
Microsoft Visual Studio Solution File, Format Version 12.00
# Visual Studio Version 17
VisualStudioVersion = 17.4.33213.308
MinimumVisualStudioVersion = 10.0.40219.1
Project("{FAE04EC0-301F-11D3-BF4B-00C04F79EFBC}") = "3D Orbital Motion Simulation", "3D Orbital Motion Simulation\3D Orbital Motion Simulation.csproj", "{2FA09CAC-5061-46CF-94DF-0CE3039251FE}"
EndProject
Global
	GlobalSection(SolutionConfigurationPlatforms) = preSolution
		Debug|Any CPU = Debug|Any CPU
		Release|Any CPU = Release|Any CPU
	EndGlobalSection
	GlobalSection(ProjectConfigurationPlatforms) = postSolution
		{2FA09CAC-5061-46CF-94DF-0CE3039251FE}.Debug|Any CPU.ActiveCfg = Debug|Any CPU
		{2FA09CAC-5061-46CF-94DF-0CE3039251FE}.Debug|Any CPU.Build.0 = Debug|Any CPU
		{2FA09CAC-5061-46CF-94DF-0CE3039251FE}.Release|Any CPU.ActiveCfg = Release|Any CPU
		{2FA09CAC-5061-46CF-94DF-0CE3039251FE}.Release|Any CPU.Build.0 = Release|Any CPU
	EndGlobalSection
	GlobalSection(SolutionProperties) = preSolution
		HideSolutionNode = FALSE
	EndGlobalSection
	GlobalSection(ExtensibilityGlobals) = postSolution
		SolutionGuid = {4A0BF313-9B8A-4A61-9326-FD68E6C72653}
	EndGlobalSection
EndGlobal
